
Microsoft Visual Studio Solution File, Format Version 12.00
# Visual Studio Version 16
VisualStudioVersion = 16.0.31229.75
MinimumVisualStudioVersion = 10.0.40219.1
Project("{9A19103F-16F7-4668-BE54-9A1E7A4F7556}") = "EmployeeManagement.Models", "EmployeeManagement.Models\EmployeeManagement.Models.csproj", "{50A9A25F-AF8B-43A8-BCD5-6FD210FE4097}"
EndProject
Project("{9A19103F-16F7-4668-BE54-9A1E7A4F7556}") = "EmployeeManagement.Web", "EmployeeManagement.Web\EmployeeManagement.Web.csproj", "{9088E182-F62F-4817-915D-9BF9218EC87C}"
EndProject
Project("{9A19103F-16F7-4668-BE54-9A1E7A4F7556}") = "EmployeeManagement.Api", "EmployeeManagement.Api\EmployeeManagement.Api.csproj", "{68550053-7CEA-437F-BF07-91818605DF2E}"
EndProject
Global
	GlobalSection(SolutionConfigurationPlatforms) = preSolution
		Debug|Any CPU = Debug|Any CPU
		Release|Any CPU = Release|Any CPU
	EndGlobalSection
	GlobalSection(ProjectConfigurationPlatforms) = postSolution
		{50A9A25F-AF8B-43A8-BCD5-6FD210FE4097}.Debug|Any CPU.ActiveCfg = Debug|Any CPU
		{50A9A25F-AF8B-43A8-BCD5-6FD210FE4097}.Debug|Any CPU.Build.0 = Debug|Any CPU
		{50A9A25F-AF8B-43A8-BCD5-6FD210FE4097}.Release|Any CPU.ActiveCfg = Release|Any CPU
		{50A9A25F-AF8B-43A8-BCD5-6FD210FE4097}.Release|Any CPU.Build.0 = Release|Any CPU
		{9088E182-F62F-4817-915D-9BF9218EC87C}.Debug|Any CPU.ActiveCfg = Debug|Any CPU
		{9088E182-F62F-4817-915D-9BF9218EC87C}.Debug|Any CPU.Build.0 = Debug|Any CPU
		{9088E182-F62F-4817-915D-9BF9218EC87C}.Release|Any CPU.ActiveCfg = Release|Any CPU
		{9088E182-F62F-4817-915D-9BF9218EC87C}.Release|Any CPU.Build.0 = Release|Any CPU
		{68550053-7CEA-437F-BF07-91818605DF2E}.Debug|Any CPU.ActiveCfg = Debug|Any CPU
		{68550053-7CEA-437F-BF07-91818605DF2E}.Debug|Any CPU.Build.0 = Debug|Any CPU
		{68550053-7CEA-437F-BF07-91818605DF2E}.Release|Any CPU.ActiveCfg = Release|Any CPU
		{68550053-7CEA-437F-BF07-91818605DF2E}.Release|Any CPU.Build.0 = Release|Any CPU
	EndGlobalSection
	GlobalSection(SolutionProperties) = preSolution
		HideSolutionNode = FALSE
	EndGlobalSection
	GlobalSection(ExtensibilityGlobals) = postSolution
		SolutionGuid = {030F8A8B-0437-4E80-9C37-B70231D681D3}
	EndGlobalSection
EndGlobal
